
Microsoft Visual Studio Solution File, Format Version 12.00
Project("{F2A71F9B-5D33-465A-A702-920D77279786}") = "aoc_2025", "aoc_2025\aoc_2025.fsproj", "{656F0610-28BE-45F7-8161-B34760AA6230}"
EndProject
Project("{F2A71F9B-5D33-465A-A702-920D77279786}") = "aoc_2025.Tests", "aoc_2025.Tests\aoc_2025.Tests.fsproj", "{A7E5E5E7-0DFA-4A8A-8E6A-9B0CF3A3C0C1}"
EndProject
Global
	GlobalSection(SolutionConfigurationPlatforms) = preSolution
		Debug|Any CPU = Debug|Any CPU
		Release|Any CPU = Release|Any CPU
	EndGlobalSection
	GlobalSection(ProjectConfigurationPlatforms) = postSolution
		{656F0610-28BE-45F7-8161-B34760AA6230}.Debug|Any CPU.ActiveCfg = Debug|Any CPU
		{656F0610-28BE-45F7-8161-B34760AA6230}.Debug|Any CPU.Build.0 = Debug|Any CPU
		{656F0610-28BE-45F7-8161-B34760AA6230}.Release|Any CPU.ActiveCfg = Release|Any CPU
		{656F0610-28BE-45F7-8161-B34760AA6230}.Release|Any CPU.Build.0 = Release|Any CPU
		{A7E5E5E7-0DFA-4A8A-8E6A-9B0CF3A3C0C1}.Debug|Any CPU.ActiveCfg = Debug|Any CPU
		{A7E5E5E7-0DFA-4A8A-8E6A-9B0CF3A3C0C1}.Debug|Any CPU.Build.0 = Debug|Any CPU
		{A7E5E5E7-0DFA-4A8A-8E6A-9B0CF3A3C0C1}.Release|Any CPU.ActiveCfg = Release|Any CPU
		{A7E5E5E7-0DFA-4A8A-8E6A-9B0CF3A3C0C1}.Release|Any CPU.Build.0 = Release|Any CPU
	EndGlobalSection
EndGlobal
